{
  "originHash" : "80e8cd1e5d8600edfb2a6f4f9ed290b00203e479e4491ed5a7387e60ad8e1665",
  "pins" : [
    {
      "identity" : "alamofire",
      "kind" : "remoteSourceControl",
      "location" : "https://github.com/Alamofire/Alamofire",
      "state" : {
        "revision" : "513364f870f6bfc468f9d2ff0a95caccc10044c5",
        "version" : "5.10.2"
      }
    },
    {
      "identity" : "wrappinghstack",
      "kind" : "remoteSourceControl",
      "location" : "https://github.com/dkk/WrappingHStack",
      "state" : {
        "revision" : "425d9488ba55f58f0b34498c64c054c77fc2a44b",
        "version" : "2.2.11"
      }
    }
  ],
  "version" : 3
}
